
Microsoft Visual Studio Solution File, Format Version 11.00
# Visual Studio 2010
# SharpDevelop 5.1
Project("{FAE04EC0-301F-11D3-BF4B-00C04F79EFBC}") = "HeroGame_v0", "HeroGame_v0\HeroGame_v0.csproj", "{605F2A88-5A40-483D-BEC9-79C613475367}"
EndProject
Global
	GlobalSection(SolutionConfigurationPlatforms) = preSolution
		Debug|Any CPU = Debug|Any CPU
		Release|Any CPU = Release|Any CPU
	EndGlobalSection
	GlobalSection(ProjectConfigurationPlatforms) = postSolution
		{605F2A88-5A40-483D-BEC9-79C613475367}.Debug|Any CPU.ActiveCfg = Debug|Any CPU
		{605F2A88-5A40-483D-BEC9-79C613475367}.Debug|Any CPU.Build.0 = Debug|Any CPU
		{605F2A88-5A40-483D-BEC9-79C613475367}.Release|Any CPU.ActiveCfg = Release|Any CPU
		{605F2A88-5A40-483D-BEC9-79C613475367}.Release|Any CPU.Build.0 = Release|Any CPU
	EndGlobalSection
EndGlobal
